PODS:
  - ActiveLabel (1.1.0)
  - Alamofire (5.4.4)
  - BaiduMapKit (6.3.1):
    - BaiduMapKit/Base (= 6.3.1)
    - BaiduMapKit/Cloud (= 6.3.1)
    - BaiduMapKit/Map (= 6.3.1)
    - BaiduMapKit/Search (= 6.3.1)
    - BaiduMapKit/Utils (= 6.3.1)
  - BaiduMapKit/Base (6.3.1)
  - BaiduMapKit/Cloud (6.3.1):
    - BaiduMapKit/Base
  - BaiduMapKit/Map (6.3.1):
    - BaiduMapKit/Base
  - BaiduMapKit/Search (6.3.1):
    - BaiduMapKit/Base
  - BaiduMapKit/Utils (6.3.1):
    - BaiduMapKit/Base
  - BMKLocationKit (2.0.0)
  - BSImagePicker (3.3.1)
  - CleanyModal (1.0.3)
  - CountryPickerView (3.3.0)
  - CropViewController (2.6.0)
  - Differentiator (4.0.1)
  - DropDown (2.3.13)
  - FittedSheets (2.4.1)
  - Gallery (2.4.0)
  - ImageSlideshow (1.9.2):
    - ImageSlideshow/Core (= 1.9.2)
  - ImageSlideshow/Core (1.9.2)
  - ImageSlideshow/Kingfisher (1.9.2):
    - ImageSlideshow/Core
    - Kingfisher (> 3.0)
  - JGProgressHUD (2.2)
  - Kanna (5.2.4)
  - KeychainSwift (20.0.0)
  - Kingfisher (7.1.1)
  - KTCenterFlowLayout (1.3.1)
  - MOLH (1.4.3)
  - MSRichLinkPreview (0.1.1):
    - Kanna (= 5.2.4)
  - NVActivityIndicatorView (5.1.1):
    - NVActivityIndicatorView/Base (= 5.1.1)
  - NVActivityIndicatorView/Base (5.1.1)
  - PryntTrimmerView (4.0.2)
  - Pushy (1.0.32)
  - Realm (10.18.0):
    - Realm/Headers (= 10.18.0)
  - Realm/Headers (10.18.0)
  - RealmSwift (10.18.0):
    - Realm (= 10.18.0)
  - RxCocoa (5.1.3):
    - RxRelay (~> 5)
    - RxSwift (~> 5)
  - RxDataSources (4.0.1):
    - Differentiator (~> 4.0)
    - RxCocoa (~> 5.0)
    - RxSwift (~> 5.0)
  - RxRelay (5.1.3):
    - RxSwift (~> 5)
  - RxSwift (5.1.3)
  - SteviaLayout (4.7.3)
  - SVProgressHUD (2.2.5)
  - SwiftyJSON (5.0.1)
  - Toast-Swift (5.0.1)
  - WechatOpenSDK-XCFramework (2.0.2)
  - YPImagePicker (5.2.1):
    - PryntTrimmerView (= 4.0.2)
    - SteviaLayout (= 4.7.3)
  - ZKProgressHUD (5.1.2)

DEPENDENCIES:
  - ActiveLabel
  - Alamofire (~> 5.0)
  - BaiduMapKit (~> 6.3)
  - BMKLocationKit
  - BSImagePicker
  - CleanyModal
  - CountryPickerView
  - CropViewController
  - DropDown
  - FittedSheets
  - Gallery
  - ImageSlideshow
  - ImageSlideshow/Kingfisher
  - JGProgressHUD
  - KeychainSwift (~> 20.0)
  - Kingfisher
  - KTCenterFlowLayout
  - MOLH
  - MSRichLinkPreview
  - NVActivityIndicatorView
  - Pushy (= 1.0.32)
  - RealmSwift (~> 10)
  - RxCocoa (~> 5.1.0)
  - RxDataSources
  - RxSwift (~> 5.1.0)
  - SVProgressHUD
  - SwiftyJSON
  - Toast-Swift (~> 5.0.1)
  - WechatOpenSDK-XCFramework
  - YPImagePicker
  - ZKProgressHUD

SPEC REPOS:
  trunk:
    - ActiveLabel
    - Alamofire
    - BaiduMapKit
    - BMKLocationKit
    - BSImagePicker
    - CleanyModal
    - CountryPickerView
    - CropViewController
    - Differentiator
    - DropDown
    - FittedSheets
    - Gallery
    - ImageSlideshow
    - JGProgressHUD
    - Kanna
    - KeychainSwift
    - Kingfisher
    - KTCenterFlowLayout
    - MOLH
    - MSRichLinkPreview
    - NVActivityIndicatorView
    - PryntTrimmerView
    - Pushy
    - Realm
    - RealmSwift
    - RxCocoa
    - RxDataSources
    - RxRelay
    - RxSwift
    - SteviaLayout
    - SVProgressHUD
    - SwiftyJSON
    - Toast-Swift
    - WechatOpenSDK-XCFramework
    - YPImagePicker
    - ZKProgressHUD

SPEC CHECKSUMS:
  ActiveLabel: 5e3f4de79a1952d4604b845a0610d4776e4b82b3
  Alamofire: f3b09a368f1582ab751b3fff5460276e0d2cf5c9
  BaiduMapKit: 40ccaf53ad83c187d8c9ccbeb9851fab8194da64
  BMKLocationKit: 097814ef672b1e57e86e6c1968d7892fb78002bf
  BSImagePicker: 0fe04b574d4d6b81093785d2af6c26227efc8428
  CleanyModal: 5e5fece5b1de97b47ea091f6390ec2b16bfa2f20
  CountryPickerView: 6322ada32a80b0cd721b0267282a5c24f406f263
  CropViewController: 7093b39ec3cb508531b22d35773e06cecd7378d8
  Differentiator: 886080237d9f87f322641dedbc5be257061b0602
  DropDown: 8a2116376c1981888557f72ec2ffc9a5e0e456ec
  FittedSheets: 839b9d261e446cfa9ae8d7229d266f22b30f8be8
  Gallery: b7fc1aeb68a39ad6d2c423574750196bf9b25e5c
  ImageSlideshow: be305b54eaf2b2cfc7a7141c7c734605d44dc07d
  JGProgressHUD: d83d7a981b85d11205e19ff8ad5bb9c40571c847
  Kanna: b9d00d7c11428308c7f95e1f1f84b8205f567a8f
  KeychainSwift: 0ce6a4d13f7228054d1a71bb1b500448fb2ab837
  Kingfisher: f738f9c4a3415823b8e2985d10aa2d6a9f37bc4d
  KTCenterFlowLayout: 6e02b50ab2bd865025ae82fe266ed13b6d9eaf97
  MOLH: e45827d200aeb1310641090fd8cd03ad2b42ae72
  MSRichLinkPreview: 712271e3fd8b17602efc5830e7d6d5c69df301ec
  NVActivityIndicatorView: 1f6c5687f1171810aa27a3296814dc2d7dec3667
  PryntTrimmerView: 6a43cc90df5d99addeabd33d4ba09b1365322130
  Pushy: d87dddd74cd738d804cd95a1d4bbcd53a352b6e9
  Realm: b8b0a36bf48c39c50fd8cee7ac34005e6d887ddd
  RealmSwift: fe2f33d731f47aaf4c3618930f9f7cf7b935c33f
  RxCocoa: e2ed092d5432e4296aa818021d27de4090ac0354
  RxDataSources: efee07fa4de48477eca0a4611e6d11e2da9c1114
  RxRelay: 5a18c2eb2d68326ebaf0112f80d837ae41b92b97
  RxSwift: 915abbdfb62214aa89ccd0b194d44fb478019b27
  SteviaLayout: c2ecdcff57d44e38fd2f65e54ad52aeae28ca0c4
  SVProgressHUD: 1428aafac632c1f86f62aa4243ec12008d7a51d6
  SwiftyJSON: 2f33a42c6fbc52764d96f13368585094bfd8aa5e
  Toast-Swift: 9b6a70f28b3bf0b96c40d46c0c4b9d6639846711
  WechatOpenSDK-XCFramework: acdeeda129efbef9532bca8a10c24e1b4b8c7d69
  YPImagePicker: f36043210c10b0783034eb1947d6e06e31c461e4
  ZKProgressHUD: af9e9929c6935587da382bf23d31b4e995b8c229

PODFILE CHECKSUM: 1d4371b46adec7c1b5b751429f233feb63a473e7

COCOAPODS: 1.11.2
